
Microsoft Visual Studio Solution File, Format Version 12.00
# Visual Studio Version 17
VisualStudioVersion = 17.5.33530.505
MinimumVisualStudioVersion = 10.0.40219.1
Project("{FAE04EC0-301F-11D3-BF4B-00C04F79EFBC}") = "Random Number File Writer", "Random Number File Writer.csproj", "{D675FAAE-2758-4503-B4FB-21C3C05BC88D}"
EndProject
Global
	GlobalSection(SolutionConfigurationPlatforms) = preSolution
		Debug|Any CPU = Debug|Any CPU
		Release|Any CPU = Release|Any CPU
	EndGlobalSection
	GlobalSection(ProjectConfigurationPlatforms) = postSolution
		{D675FAAE-2758-4503-B4FB-21C3C05BC88D}.Debug|Any CPU.ActiveCfg = Debug|Any CPU
		{D675FAAE-2758-4503-B4FB-21C3C05BC88D}.Debug|Any CPU.Build.0 = Debug|Any CPU
		{D675FAAE-2758-4503-B4FB-21C3C05BC88D}.Release|Any CPU.ActiveCfg = Release|Any CPU
		{D675FAAE-2758-4503-B4FB-21C3C05BC88D}.Release|Any CPU.Build.0 = Release|Any CPU
	EndGlobalSection
	GlobalSection(SolutionProperties) = preSolution
		HideSolutionNode = FALSE
	EndGlobalSection
	GlobalSection(ExtensibilityGlobals) = postSolution
		SolutionGuid = {F7B2E38B-28DB-4DBC-AC43-693CA88E40DB}
	EndGlobalSection
EndGlobal
